// !$*UTF8*$!
{
	archiveVersion = 1;
	classes = {
	};
	objectVersion = 46;
	objects = {

/* Begin PBXBuildFile section */
		725A47C81E4AFFE500C7FE89 /* AppDelegate.swift in Sources */ = {isa = PBXBuildFile; fileRef = 725A47C71E4AFFE500C7FE89 /* AppDelegate.swift */; };
		725A47CA1E4AFFE500C7FE89 /* ViewController.swift in Sources */ = {isa = PBXBuildFile; fileRef = 725A47C91E4AFFE500C7FE89 /* ViewController.swift */; };
		725A47CD1E4AFFE500C7FE89 /* Main.storyboard in Resources */ = {isa = PBXBuildFile; fileRef = 725A47CB1E4AFFE500C7FE89 /* Main.storyboard */; };
		725A47CF1E4AFFE500C7FE89 /* Assets.xcassets in Resources */ = {isa = PBXBuildFile; fileRef = 725A47CE1E4AFFE500C7FE89 /* Assets.xcassets */; };
		725A47D21E4AFFE500C7FE89 /* LaunchScreen.storyboard in Resources */ = {isa = PBXBuildFile; fileRef = 725A47D01E4AFFE500C7FE89 /* LaunchScreen.storyboard */; };
/* End PBXBuildFile section */

/* Begin PBXFileReference section */
		725A47C41E4AFFE500C7FE89 /* 微博.app */ = {isa = PBXFileReference; explicitFileType = wrapper.application; includeInIndex = 0; path = "微博.app"; sourceTree = BUILT_PRODUCTS_DIR; };
		725A47C71E4AFFE500C7FE89 /* AppDelegate.swift */ = {isa = PBXFileReference; lastKnownFileType = sourcecode.swift; path = AppDelegate.swift; sourceTree = "<group>"; };
		725A47C91E4AFFE500C7FE89 /* ViewController.swift */ = {isa = PBXFileReference; lastKnownFileType = sourcecode.swift; path = ViewController.swift; sourceTree = "<group>"; };
		725A47CC1E4AFFE500C7FE89 /* Base */ = {isa = PBXFileReference; lastKnownFileType = file.storyboard; name = Base; path = Base.lproj/Main.storyboard; sourceTree = "<group>"; };
		725A47CE1E4AFFE500C7FE89 /* Assets.xcassets */ = {isa = PBXFileReference; lastKnownFileType = folder.assetcatalog; path = Assets.xcassets; sourceTree = "<group>"; };
		725A47D11E4AFFE500C7FE89 /* Base */ = {isa = PBXFileReference; lastKnownFileType = file.storyboard; name = Base; path = Base.lproj/LaunchScreen.storyboard; sourceTree = "<group>"; };
		725A47D31E4AFFE500C7FE89 /* Info.plist */ = {isa = PBXFileReference; lastKnownFileType = text.plist.xml; path = Info.plist; sourceTree = "<group>"; };
/* End PBXFileReference section */

/* Begin PBXFrameworksBuildPhase section */
		725A47C11E4AFFE500C7FE89 /* Frameworks */ = {
			isa = PBXFrameworksBuildPhase;
			buildActionMask = 2147483647;
			files = (
			);
			runOnlyForDeploymentPostprocessing = 0;
		};
/* End PBXFrameworksBuildPhase section */

/* Begin PBXGroup section */
		725A47BB1E4AFFE500C7FE89 = {
			isa = PBXGroup;
			children = (
				725A47C61E4AFFE500C7FE89 /* 微博 */,
				725A47C51E4AFFE500C7FE89 /* Products */,
			);
			sourceTree = "<group>";
		};
		725A47C51E4AFFE500C7FE89 /* Products */ = {
			isa = PBXGroup;
			children = (
				725A47C41E4AFFE500C7FE89 /* 微博.app */,
			);
			name = Products;
			sourceTree = "<group>";
		};
		725A47C61E4AFFE500C7FE89 /* 微博 */ = {
			isa = PBXGroup;
			children = (
				725A47C71E4AFFE500C7FE89 /* AppDelegate.swift */,
				725A47C91E4AFFE500C7FE89 /* ViewController.swift */,
				725A47CB1E4AFFE500C7FE89 /* Main.storyboard */,
				725A47CE1E4AFFE500C7FE89 /* Assets.xcassets */,
				725A47D01E4AFFE500C7FE89 /* LaunchScreen.storyboard */,
				725A47D31E4AFFE500C7FE89 /* Info.plist */,
			);
			path = "微博";
			sourceTree = "<group>";
		};
/* End PBXGroup section */

/* Begin PBXNativeTarget section */
		725A47C31E4AFFE500C7FE89 /* 微博 */ = {
			isa = PBXNativeTarget;
			buildConfigurationList = 725A47D61E4AFFE500C7FE89 /* Build configuration list for PBXNativeTarget "微博" */;
			buildPhases = (
				725A47C01E4AFFE500C7FE89 /* Sources */,
				725A47C11E4AFFE500C7FE89 /* Frameworks */,
				725A47C21E4AFFE500C7FE89 /* Resources */,
			);
			buildRules = (
			);
			dependencies = (
			);
			name = "微博";
			productName = "微博";
			productReference = 725A47C41E4AFFE500C7FE89 /* 微博.app */;
			productType = "com.apple.product-type.application";
		};
/* End PBXNativeTarget section */

/* Begin PBXProject section */
		725A47BC1E4AFFE500C7FE89 /* Project object */ = {
			isa = PBXProject;
			attributes = {
				LastSwiftUpdateCheck = 0820;
				LastUpgradeCheck = 0820;
				ORGANIZATIONNAME = IVT;
				TargetAttributes = {
					725A47C31E4AFFE500C7FE89 = {
						CreatedOnToolsVersion = 8.2.1;
						ProvisioningStyle = Automatic;
					};
				};
			};
			buildConfigurationList = 725A47BF1E4AFFE500C7FE89 /* Build configuration list for PBXProject "微博" */;
			compatibilityVersion = "Xcode 3.2";
			developmentRegion = English;
			hasScannedForEncodings = 0;
			knownRegions = (
				en,
				Base,
			);
			mainGroup = 725A47BB1E4AFFE500C7FE89;
			productRefGroup = 725A47C51E4AFFE500C7FE89 /* Products */;
			projectDirPath = "";
			projectRoot = "";
			targets = (
				725A47C31E4AFFE500C7FE89 /* 微博 */,
			);
		};
/* End PBXProject section */

/* Begin PBXResourcesBuildPhase section */
		725A47C21E4AFFE500C7FE89 /* Resources */ = {
			isa = PBXResourcesBuildPhase;
			buildActionMask = 2147483647;
			files = (
				725A47D21E4AFFE500C7FE89 /* LaunchScreen.storyboard in Resources */,
				725A47CF1E4AFFE500C7FE89 /* Assets.xcassets in Resources */,
				725A47CD1E4AFFE500C7FE89 /* Main.storyboard in Resources */,
			);
			runOnlyForDeploymentPostprocessing = 0;
		};
/* End PBXResourcesBuildPhase section */

/* Begin PBXSourcesBuildPhase section */
		725A47C01E4AFFE500C7FE89 /* Sources */ = {
			isa = PBXSourcesBuildPhase;
			buildActionMask = 2147483647;
			files = (
				725A47CA1E4AFFE500C7FE89 /* ViewController.swift in Sources */,
				725A47C81E4AFFE500C7FE89 /* AppDelegate.swift in Sources */,
			);
			runOnlyForDeploymentPostprocessing = 0;
		};
/* End PBXSourcesBuildPhase section */

/* Begin PBXVariantGroup section */
		725A47CB1E4AFFE500C7FE89 /* Main.storyboard */ = {
			isa = PBXVariantGroup;
			children = (
				725A47CC1E4AFFE500C7FE89 /* Base */,
			);
			name = Main.storyboard;
			sourceTree = "<group>";
		};
		725A47D01E4AFFE500C7FE89 /* LaunchScreen.storyboard */ = {
			isa = PBXVariantGroup;
			children = (
				725A47D11E4AFFE500C7FE89 /* Base */,
			);
			name = LaunchScreen.storyboard;
			sourceTree = "<group>";
		};
/* End PBXVariantGroup section */

/* Begin XCBuildConfiguration section */
		725A47D41E4AFFE500C7FE89 /* Debug */ = {
			isa = XCBuildConfiguration;
			buildSettings = {
				ALWAYS_SEARCH_USER_PATHS = NO;
				CLANG_ANALYZER_NONNULL = YES;
				CLANG_CXX_LANGUAGE_STANDARD = "gnu++0x";
				CLANG_CXX_LIBRARY = "libc++";
				CLANG_ENABLE_MODULES = YES;
				CLANG_ENABLE_OBJC_ARC = YES;
				CLANG_WARN_BOOL_CONVERSION = YES;
				CLANG_WARN_CONSTANT_CONVERSION = YES;
				CLANG_WARN_DIRECT_OBJC_ISA_USAGE = YES_ERROR;
				CLANG_WARN_DOCUMENTATION_COMMENTS = YES;
				CLANG_WARN_EMPTY_BODY = YES;
				CLANG_WARN_ENUM_CONVERSION = YES;
				CLANG_WARN_INFINITE_RECURSION = YES;
				CLANG_WARN_INT_CONVERSION = YES;
				CLANG_WARN_OBJC_ROOT_CLASS = YES_ERROR;
				CLANG_WARN_SUSPICIOUS_MOVE = YES;
				CLANG_WARN_UNREACHABLE_CODE = YES;
				CLANG_WARN__DUPLICATE_METHOD_MATCH = YES;
				"CODE_SIGN_IDENTITY[sdk=iphoneos*]" = "iPhone Developer";
				COPY_PHASE_STRIP = NO;
				DEBUG_INFORMATION_FORMAT = dwarf;
				ENABLE_STRICT_OBJC_MSGSEND = YES;
				ENABLE_TESTABILITY = YES;
				GCC_C_LANGUAGE_STANDARD = gnu99;
				GCC_DYNAMIC_NO_PIC = NO;
				GCC_NO_COMMON_BLOCKS = YES;
				GCC_OPTIMIZATION_LEVEL = 0;
				GCC_PREPROCESSOR_DEFINITIONS = (
					"DEBUG=1",
					"$(inherited)",
				);
				GCC_WARN_64_TO_32_BIT_CONVERSION = YES;
				GCC_WARN_ABOUT_RETURN_TYPE = YES_ERROR;
				GCC_WARN_UNDECLARED_SELECTOR = YES;
				GCC_WARN_UNINITIALIZED_AUTOS = YES_AGGRESSIVE;
				GCC_WARN_UNUSED_FUNCTION = YES;
				GCC_WARN_UNUSED_VARIABLE = YES;
				IPHONEOS_DEPLOYMENT_TARGET = 10.2;
				MTL_ENABLE_DEBUG_INFO = YES;
				ONLY_ACTIVE_ARCH = YES;
				SDKROOT = iphoneos;
				SWIFT_ACTIVE_COMPILATION_CONDITIONS = DEBUG;
				SWIFT_OPTIMIZATION_LEVEL = "-Onone";
			};
			name = Debug;
		};
		725A47D51E4AFFE500C7FE89 /* Release */ = {
			isa = XCBuildConfiguration;
			buildSettings = {
				ALWAYS_SEARCH_USER_PATHS = NO;
				CLANG_ANALYZER_NONNULL = YES;
				CLANG_CXX_LANGUAGE_STANDARD = "gnu++0x";
				CLANG_CXX_LIBRARY = "libc++";
				CLANG_ENABLE_MODULES = YES;
				CLANG_ENABLE_OBJC_ARC = YES;
				CLANG_WARN_BOOL_CONVERSION = YES;
				CLANG_WARN_CONSTANT_CONVERSION = YES;
				CLANG_WARN_DIRECT_OBJC_ISA_USAGE = YES_ERROR;
				CLANG_WARN_DOCUMENTATION_COMMENTS = YES;
				CLANG_WARN_EMPTY_BODY = YES;
				CLANG_WARN_ENUM_CONVERSION = YES;
				CLANG_WARN_INFINITE_RECURSION = YES;
				CLANG_WARN_INT_CONVERSION = YES;
				CLANG_WARN_OBJC_ROOT_CLASS = YES_ERROR;
				CLANG_WARN_SUSPICIOUS_MOVE = YES;
				CLANG_WARN_UNREACHABLE_CODE = YES;
				CLANG_WARN__DUPLICATE_METHOD_MATCH = YES;
				"CODE_SIGN_IDENTITY[sdk=iphoneos*]" = "iPhone Developer";
				COPY_PHASE_STRIP = NO;
				DEBUG_INFORMATION_FORMAT = "dwarf-with-dsym";
				ENABLE_NS_ASSERTIONS = NO;
				ENABLE_STRICT_OBJC_MSGSEND = YES;
				GCC_C_LANGUAGE_STANDARD = gnu99;
				GCC_NO_COMMON_BLOCKS = YES;
				GCC_WARN_64_TO_32_BIT_CONVERSION = YES;
				GCC_WARN_ABOUT_RETURN_TYPE = YES_ERROR;
				GCC_WARN_UNDECLARED_SELECTOR = YES;
				GCC_WARN_UNINITIALIZED_AUTOS = YES_AGGRESSIVE;
				GCC_WARN_UNUSED_FUNCTION = YES;
				GCC_WARN_UNUSED_VARIABLE = YES;
				IPHONEOS_DEPLOYMENT_TARGET = 10.2;
				MTL_ENABLE_DEBUG_INFO = NO;
				SDKROOT = iphoneos;
				SWIFT_OPTIMIZATION_LEVEL = "-Owholemodule";
				VALIDATE_PRODUCT = YES;
			};
			name = Release;
		};
		725A47D71E4AFFE500C7FE89 /* Debug */ = {
			isa = XCBuildConfiguration;
			buildSettings = {
				ASSETCATALOG_COMPILER_APPICON_NAME = AppIcon;
				INFOPLIST_FILE = "微博/Info.plist";
				LD_RUNPATH_SEARCH_PATHS = "$(inherited) @executable_path/Frameworks";
				PRODUCT_BUNDLE_IDENTIFIER = "com.ivtcorporation.bqfj.BQChild.--";
				PRODUCT_NAME = "$(TARGET_NAME)";
				SWIFT_VERSION = 3.0;
			};
			name = Debug;
		};
		725A47D81E4AFFE500C7FE89 /* Release */ = {
			isa = XCBuildConfiguration;
			buildSettings = {
				ASSETCATALOG_COMPILER_APPICON_NAME = AppIcon;
				INFOPLIST_FILE = "微博/Info.plist";
				LD_RUNPATH_SEARCH_PATHS = "$(inherited) @executable_path/Frameworks";
				PRODUCT_BUNDLE_IDENTIFIER = "com.ivtcorporation.bqfj.BQChild.--";
				PRODUCT_NAME = "$(TARGET_NAME)";
				SWIFT_VERSION = 3.0;
			};
			name = Release;
		};
/* End XCBuildConfiguration section */

/* Begin XCConfigurationList section */
		725A47BF1E4AFFE500C7FE89 /* Build configuration list for PBXProject "微博" */ = {
			isa = XCConfigurationList;
			buildConfigurations = (
				725A47D41E4AFFE500C7FE89 /* Debug */,
				725A47D51E4AFFE500C7FE89 /* Release */,
			);
			defaultConfigurationIsVisible = 0;
			defaultConfigurationName = Release;
		};
		725A47D61E4AFFE500C7FE89 /* Build configuration list for PBXNativeTarget "微博" */ = {
			isa = XCConfigurationList;
			buildConfigurations = (
				725A47D71E4AFFE500C7FE89 /* Debug */,
				725A47D81E4AFFE500C7FE89 /* Release */,
			);
			defaultConfigurationIsVisible = 0;
		};
/* End XCConfigurationList section */
	};
	rootObject = 725A47BC1E4AFFE500C7FE89 /* Project object */;
}
